// !$*UTF8*$!
{
	archiveVersion = 1;
	classes = {
	};
	objectVersion = 48;
	objects = {

/* Begin PBXBuildFile section */
		17E42BD41FD72F2F00E840B1 /* DogPostViewController.swift in Sources */ = {isa = PBXBuildFile; fileRef = 17E42BD31FD72F2F00E840B1 /* DogPostViewController.swift */; };
		386111721FD09624007F9EA0 /* CKCodable.swift in Sources */ = {isa = PBXBuildFile; fileRef = 386111711FD09624007F9EA0 /* CKCodable.swift */; };
		55475D981FCDE781003B0045 /* DogPost.swift in Sources */ = {isa = PBXBuildFile; fileRef = 55475D971FCDE781003B0045 /* DogPost.swift */; };
		55D1B0341FD0D25F00E514A3 /* CloudKit.framework in Frameworks */ = {isa = PBXBuildFile; fileRef = 55D1B0331FD0D25F00E514A3 /* CloudKit.framework */; };
		60FCE9C81FD33B2D0028795A /* DogAnnotationView.swift in Sources */ = {isa = PBXBuildFile; fileRef = 60FCE9C71FD33B2D0028795A /* DogAnnotationView.swift */; };
		F48E1E5F1FBE185300AF61E9 /* MapViewController.swift in Sources */ = {isa = PBXBuildFile; fileRef = F48E1E5E1FBE185300AF61E9 /* MapViewController.swift */; };
		F48E1E611FBE209800AF61E9 /* CreatePostViewController.swift in Sources */ = {isa = PBXBuildFile; fileRef = F48E1E601FBE209800AF61E9 /* CreatePostViewController.swift */; };
		F4B6AA5A1FB4D4060058AC51 /* AppDelegate.swift in Sources */ = {isa = PBXBuildFile; fileRef = F4B6AA591FB4D4060058AC51 /* AppDelegate.swift */; };
		F4B6AA5F1FB4D4060058AC51 /* Main.storyboard in Resources */ = {isa = PBXBuildFile; fileRef = F4B6AA5D1FB4D4060058AC51 /* Main.storyboard */; };
		F4B6AA621FB4D4060058AC51 /* IOSFinalProject.xcdatamodeld in Sources */ = {isa = PBXBuildFile; fileRef = F4B6AA601FB4D4060058AC51 /* IOSFinalProject.xcdatamodeld */; };
		F4B6AA641FB4D4060058AC51 /* Assets.xcassets in Resources */ = {isa = PBXBuildFile; fileRef = F4B6AA631FB4D4060058AC51 /* Assets.xcassets */; };
		F4B6AA671FB4D4060058AC51 /* LaunchScreen.storyboard in Resources */ = {isa = PBXBuildFile; fileRef = F4B6AA651FB4D4060058AC51 /* LaunchScreen.storyboard */; };
		F4C1CDB21FDA064000433447 /* ProfileViewController.swift in Sources */ = {isa = PBXBuildFile; fileRef = F4C1CDB11FDA064000433447 /* ProfileViewController.swift */; };
/* End PBXBuildFile section */

/* Begin PBXFileReference section */
		1755BFB31FCFBA0A009BF0FF /* UniversityOfMissouri_Location.gpx */ = {isa = PBXFileReference; lastKnownFileType = text.xml; path = UniversityOfMissouri_Location.gpx; sourceTree = "<group>"; };
		17E42BD31FD72F2F00E840B1 /* DogPostViewController.swift */ = {isa = PBXFileReference; lastKnownFileType = sourcecode.swift; path = DogPostViewController.swift; sourceTree = "<group>"; };
		386111711FD09624007F9EA0 /* CKCodable.swift */ = {isa = PBXFileReference; fileEncoding = 4; lastKnownFileType = sourcecode.swift; path = CKCodable.swift; sourceTree = "<group>"; };
		55475D971FCDE781003B0045 /* DogPost.swift */ = {isa = PBXFileReference; lastKnownFileType = sourcecode.swift; path = DogPost.swift; sourceTree = "<group>"; };
		55D1B0331FD0D25F00E514A3 /* CloudKit.framework */ = {isa = PBXFileReference; lastKnownFileType = wrapper.framework; name = CloudKit.framework; path = System/Library/Frameworks/CloudKit.framework; sourceTree = SDKROOT; };
		60FCE9C71FD33B2D0028795A /* DogAnnotationView.swift */ = {isa = PBXFileReference; lastKnownFileType = sourcecode.swift; path = DogAnnotationView.swift; sourceTree = "<group>"; };
		F48E1E5E1FBE185300AF61E9 /* MapViewController.swift */ = {isa = PBXFileReference; lastKnownFileType = sourcecode.swift; path = MapViewController.swift; sourceTree = "<group>"; };
		F48E1E601FBE209800AF61E9 /* CreatePostViewController.swift */ = {isa = PBXFileReference; lastKnownFileType = sourcecode.swift; path = CreatePostViewController.swift; sourceTree = "<group>"; };
		F4B6AA561FB4D4060058AC51 /* IOSFinalProject.app */ = {isa = PBXFileReference; explicitFileType = wrapper.application; includeInIndex = 0; path = IOSFinalProject.app; sourceTree = BUILT_PRODUCTS_DIR; };
		F4B6AA591FB4D4060058AC51 /* AppDelegate.swift */ = {isa = PBXFileReference; lastKnownFileType = sourcecode.swift; path = AppDelegate.swift; sourceTree = "<group>"; };
		F4B6AA5E1FB4D4060058AC51 /* Base */ = {isa = PBXFileReference; lastKnownFileType = file.storyboard; name = Base; path = Base.lproj/Main.storyboard; sourceTree = "<group>"; };
		F4B6AA611FB4D4060058AC51 /* IOSFinalProject.xcdatamodel */ = {isa = PBXFileReference; lastKnownFileType = wrapper.xcdatamodel; path = IOSFinalProject.xcdatamodel; sourceTree = "<group>"; };
		F4B6AA631FB4D4060058AC51 /* Assets.xcassets */ = {isa = PBXFileReference; lastKnownFileType = folder.assetcatalog; path = Assets.xcassets; sourceTree = "<group>"; };
		F4B6AA661FB4D4060058AC51 /* Base */ = {isa = PBXFileReference; lastKnownFileType = file.storyboard; name = Base; path = Base.lproj/LaunchScreen.storyboard; sourceTree = "<group>"; };
		F4B6AA681FB4D4060058AC51 /* Info.plist */ = {isa = PBXFileReference; lastKnownFileType = text.plist.xml; path = Info.plist; sourceTree = "<group>"; };
		F4B6AA6E1FB4D64E0058AC51 /* IOSFinalProject.entitlements */ = {isa = PBXFileReference; lastKnownFileType = text.plist.entitlements; path = IOSFinalProject.entitlements; sourceTree = "<group>"; };
		F4C1CDB11FDA064000433447 /* ProfileViewController.swift */ = {isa = PBXFileReference; lastKnownFileType = sourcecode.swift; path = ProfileViewController.swift; sourceTree = "<group>"; };
/* End PBXFileReference section */

/* Begin PBXFrameworksBuildPhase section */
		F4B6AA531FB4D4060058AC51 /* Frameworks */ = {
			isa = PBXFrameworksBuildPhase;
			buildActionMask = 2147483647;
			files = (
				55D1B0341FD0D25F00E514A3 /* CloudKit.framework in Frameworks */,
			);
			runOnlyForDeploymentPostprocessing = 0;
		};
/* End PBXFrameworksBuildPhase section */

/* Begin PBXGroup section */
		F4B6AA4D1FB4D4060058AC51 = {
			isa = PBXGroup;
			children = (
				F4B6AA581FB4D4060058AC51 /* IOSFinalProject */,
				F4B6AA571FB4D4060058AC51 /* Products */,
				F4B6AA6F1FB505650058AC51 /* Frameworks */,
			);
			sourceTree = "<group>";
		};
		F4B6AA571FB4D4060058AC51 /* Products */ = {
			isa = PBXGroup;
			children = (
				F4B6AA561FB4D4060058AC51 /* IOSFinalProject.app */,
			);
			name = Products;
			sourceTree = "<group>";
		};
		F4B6AA581FB4D4060058AC51 /* IOSFinalProject */ = {
			isa = PBXGroup;
			children = (
				386111711FD09624007F9EA0 /* CKCodable.swift */,
				F4B6AA6E1FB4D64E0058AC51 /* IOSFinalProject.entitlements */,
				F4B6AA591FB4D4060058AC51 /* AppDelegate.swift */,
				F4B6AA5D1FB4D4060058AC51 /* Main.storyboard */,
				F4C1CDB11FDA064000433447 /* ProfileViewController.swift */,
				F48E1E601FBE209800AF61E9 /* CreatePostViewController.swift */,
				F48E1E5E1FBE185300AF61E9 /* MapViewController.swift */,
				17E42BD31FD72F2F00E840B1 /* DogPostViewController.swift */,
				60FCE9C71FD33B2D0028795A /* DogAnnotationView.swift */,
				1755BFB31FCFBA0A009BF0FF /* UniversityOfMissouri_Location.gpx */,
				F4B6AA631FB4D4060058AC51 /* Assets.xcassets */,
				F4B6AA651FB4D4060058AC51 /* LaunchScreen.storyboard */,
				F4B6AA681FB4D4060058AC51 /* Info.plist */,
				F4B6AA601FB4D4060058AC51 /* IOSFinalProject.xcdatamodeld */,
				55475D971FCDE781003B0045 /* DogPost.swift */,
			);
			path = IOSFinalProject;
			sourceTree = "<group>";
		};
		F4B6AA6F1FB505650058AC51 /* Frameworks */ = {
			isa = PBXGroup;
			children = (
				55D1B0331FD0D25F00E514A3 /* CloudKit.framework */,
			);
			name = Frameworks;
			sourceTree = "<group>";
		};
/* End PBXGroup section */

/* Begin PBXNativeTarget section */
		F4B6AA551FB4D4060058AC51 /* IOSFinalProject */ = {
			isa = PBXNativeTarget;
			buildConfigurationList = F4B6AA6B1FB4D4060058AC51 /* Build configuration list for PBXNativeTarget "IOSFinalProject" */;
			buildPhases = (
				F4B6AA521FB4D4060058AC51 /* Sources */,
				F4B6AA531FB4D4060058AC51 /* Frameworks */,
				F4B6AA541FB4D4060058AC51 /* Resources */,
			);
			buildRules = (
			);
			dependencies = (
			);
			name = IOSFinalProject;
			productName = IOSFinalProject;
			productReference = F4B6AA561FB4D4060058AC51 /* IOSFinalProject.app */;
			productType = "com.apple.product-type.application";
		};
/* End PBXNativeTarget section */

/* Begin PBXProject section */
		F4B6AA4E1FB4D4060058AC51 /* Project object */ = {
			isa = PBXProject;
			attributes = {
				LastSwiftUpdateCheck = 0910;
				LastUpgradeCheck = 0910;
				ORGANIZATIONNAME = "Team 4";
				TargetAttributes = {
					F4B6AA551FB4D4060058AC51 = {
						CreatedOnToolsVersion = 9.1;
						ProvisioningStyle = Automatic;
						SystemCapabilities = {
							com.apple.Push = {
								enabled = 1;
							};
							com.apple.iCloud = {
								enabled = 1;
							};
						};
					};
				};
			};
			buildConfigurationList = F4B6AA511FB4D4060058AC51 /* Build configuration list for PBXProject "IOSFinalProject" */;
			compatibilityVersion = "Xcode 8.0";
			developmentRegion = en;
			hasScannedForEncodings = 0;
			knownRegions = (
				en,
				Base,
			);
			mainGroup = F4B6AA4D1FB4D4060058AC51;
			productRefGroup = F4B6AA571FB4D4060058AC51 /* Products */;
			projectDirPath = "";
			projectRoot = "";
			targets = (
				F4B6AA551FB4D4060058AC51 /* IOSFinalProject */,
			);
		};
/* End PBXProject section */

/* Begin PBXResourcesBuildPhase section */
		F4B6AA541FB4D4060058AC51 /* Resources */ = {
			isa = PBXResourcesBuildPhase;
			buildActionMask = 2147483647;
			files = (
				F4B6AA671FB4D4060058AC51 /* LaunchScreen.storyboard in Resources */,
				F4B6AA641FB4D4060058AC51 /* Assets.xcassets in Resources */,
				F4B6AA5F1FB4D4060058AC51 /* Main.storyboard in Resources */,
			);
			runOnlyForDeploymentPostprocessing = 0;
		};
/* End PBXResourcesBuildPhase section */

/* Begin PBXSourcesBuildPhase section */
		F4B6AA521FB4D4060058AC51 /* Sources */ = {
			isa = PBXSourcesBuildPhase;
			buildActionMask = 2147483647;
			files = (
				F4B6AA5A1FB4D4060058AC51 /* AppDelegate.swift in Sources */,
				55475D981FCDE781003B0045 /* DogPost.swift in Sources */,
				60FCE9C81FD33B2D0028795A /* DogAnnotationView.swift in Sources */,
				F4B6AA621FB4D4060058AC51 /* IOSFinalProject.xcdatamodeld in Sources */,
				F48E1E611FBE209800AF61E9 /* CreatePostViewController.swift in Sources */,
				17E42BD41FD72F2F00E840B1 /* DogPostViewController.swift in Sources */,
				F4C1CDB21FDA064000433447 /* ProfileViewController.swift in Sources */,
				F48E1E5F1FBE185300AF61E9 /* MapViewController.swift in Sources */,
				386111721FD09624007F9EA0 /* CKCodable.swift in Sources */,
			);
			runOnlyForDeploymentPostprocessing = 0;
		};
/* End PBXSourcesBuildPhase section */

/* Begin PBXVariantGroup section */
		F4B6AA5D1FB4D4060058AC51 /* Main.storyboard */ = {
			isa = PBXVariantGroup;
			children = (
				F4B6AA5E1FB4D4060058AC51 /* Base */,
			);
			name = Main.storyboard;
			sourceTree = "<group>";
		};
		F4B6AA651FB4D4060058AC51 /* LaunchScreen.storyboard */ = {
			isa = PBXVariantGroup;
			children = (
				F4B6AA661FB4D4060058AC51 /* Base */,
			);
			name = LaunchScreen.storyboard;
			sourceTree = "<group>";
		};
/* End PBXVariantGroup section */

/* Begin XCBuildConfiguration section */
		F4B6AA691FB4D4060058AC51 /* Debug */ = {
			isa = XCBuildConfiguration;
			buildSettings = {
				ALWAYS_SEARCH_USER_PATHS = NO;
				CLANG_ANALYZER_NONNULL = YES;
				CLANG_ANALYZER_NUMBER_OBJECT_CONVERSION = YES_AGGRESSIVE;
				CLANG_CXX_LANGUAGE_STANDARD = "gnu++14";
				CLANG_CXX_LIBRARY = "libc++";
				CLANG_ENABLE_MODULES = YES;
				CLANG_ENABLE_OBJC_ARC = YES;
				CLANG_WARN_BLOCK_CAPTURE_AUTORELEASING = YES;
				CLANG_WARN_BOOL_CONVERSION = YES;
				CLANG_WARN_COMMA = YES;
				CLANG_WARN_CONSTANT_CONVERSION = YES;
				CLANG_WARN_DIRECT_OBJC_ISA_USAGE = YES_ERROR;
				CLANG_WARN_DOCUMENTATION_COMMENTS = YES;
				CLANG_WARN_EMPTY_BODY = YES;
				CLANG_WARN_ENUM_CONVERSION = YES;
				CLANG_WARN_INFINITE_RECURSION = YES;
				CLANG_WARN_INT_CONVERSION = YES;
				CLANG_WARN_NON_LITERAL_NULL_CONVERSION = YES;
				CLANG_WARN_OBJC_LITERAL_CONVERSION = YES;
				CLANG_WARN_OBJC_ROOT_CLASS = YES_ERROR;
				CLANG_WARN_RANGE_LOOP_ANALYSIS = YES;
				CLANG_WARN_STRICT_PROTOTYPES = YES;
				CLANG_WARN_SUSPICIOUS_MOVE = YES;
				CLANG_WARN_UNGUARDED_AVAILABILITY = YES_AGGRESSIVE;
				CLANG_WARN_UNREACHABLE_CODE = YES;
				CLANG_WARN__DUPLICATE_METHOD_MATCH = YES;
				CODE_SIGN_IDENTITY = "iPhone Developer";
				COPY_PHASE_STRIP = NO;
				DEBUG_INFORMATION_FORMAT = dwarf;
				ENABLE_STRICT_OBJC_MSGSEND = YES;
				ENABLE_TESTABILITY = YES;
				GCC_C_LANGUAGE_STANDARD = gnu11;
				GCC_DYNAMIC_NO_PIC = NO;
				GCC_NO_COMMON_BLOCKS = YES;
				GCC_OPTIMIZATION_LEVEL = 0;
				GCC_PREPROCESSOR_DEFINITIONS = (
					"DEBUG=1",
					"$(inherited)",
				);
				GCC_WARN_64_TO_32_BIT_CONVERSION = YES;
				GCC_WARN_ABOUT_RETURN_TYPE = YES_ERROR;
				GCC_WARN_UNDECLARED_SELECTOR = YES;
				GCC_WARN_UNINITIALIZED_AUTOS = YES_AGGRESSIVE;
				GCC_WARN_UNUSED_FUNCTION = YES;
				GCC_WARN_UNUSED_VARIABLE = YES;
				IPHONEOS_DEPLOYMENT_TARGET = 11.1;
				MTL_ENABLE_DEBUG_INFO = YES;
				ONLY_ACTIVE_ARCH = YES;
				SDKROOT = iphoneos;
				SWIFT_ACTIVE_COMPILATION_CONDITIONS = DEBUG;
				SWIFT_OPTIMIZATION_LEVEL = "-Onone";
			};
			name = Debug;
		};
		F4B6AA6A1FB4D4060058AC51 /* Release */ = {
			isa = XCBuildConfiguration;
			buildSettings = {
				ALWAYS_SEARCH_USER_PATHS = NO;
				CLANG_ANALYZER_NONNULL = YES;
				CLANG_ANALYZER_NUMBER_OBJECT_CONVERSION = YES_AGGRESSIVE;
				CLANG_CXX_LANGUAGE_STANDARD = "gnu++14";
				CLANG_CXX_LIBRARY = "libc++";
				CLANG_ENABLE_MODULES = YES;
				CLANG_ENABLE_OBJC_ARC = YES;
				CLANG_WARN_BLOCK_CAPTURE_AUTORELEASING = YES;
				CLANG_WARN_BOOL_CONVERSION = YES;
				CLANG_WARN_COMMA = YES;
				CLANG_WARN_CONSTANT_CONVERSION = YES;
				CLANG_WARN_DIRECT_OBJC_ISA_USAGE = YES_ERROR;
				CLANG_WARN_DOCUMENTATION_COMMENTS = YES;
				CLANG_WARN_EMPTY_BODY = YES;
				CLANG_WARN_ENUM_CONVERSION = YES;
				CLANG_WARN_INFINITE_RECURSION = YES;
				CLANG_WARN_INT_CONVERSION = YES;
				CLANG_WARN_NON_LITERAL_NULL_CONVERSION = YES;
				CLANG_WARN_OBJC_LITERAL_CONVERSION = YES;
				CLANG_WARN_OBJC_ROOT_CLASS = YES_ERROR;
				CLANG_WARN_RANGE_LOOP_ANALYSIS = YES;
				CLANG_WARN_STRICT_PROTOTYPES = YES;
				CLANG_WARN_SUSPICIOUS_MOVE = YES;
				CLANG_WARN_UNGUARDED_AVAILABILITY = YES_AGGRESSIVE;
				CLANG_WARN_UNREACHABLE_CODE = YES;
				CLANG_WARN__DUPLICATE_METHOD_MATCH = YES;
				CODE_SIGN_IDENTITY = "iPhone Developer";
				COPY_PHASE_STRIP = NO;
				DEBUG_INFORMATION_FORMAT = "dwarf-with-dsym";
				ENABLE_NS_ASSERTIONS = NO;
				ENABLE_STRICT_OBJC_MSGSEND = YES;
				GCC_C_LANGUAGE_STANDARD = gnu11;
				GCC_NO_COMMON_BLOCKS = YES;
				GCC_WARN_64_TO_32_BIT_CONVERSION = YES;
				GCC_WARN_ABOUT_RETURN_TYPE = YES_ERROR;
				GCC_WARN_UNDECLARED_SELECTOR = YES;
				GCC_WARN_UNINITIALIZED_AUTOS = YES_AGGRESSIVE;
				GCC_WARN_UNUSED_FUNCTION = YES;
				GCC_WARN_UNUSED_VARIABLE = YES;
				IPHONEOS_DEPLOYMENT_TARGET = 11.1;
				MTL_ENABLE_DEBUG_INFO = NO;
				SDKROOT = iphoneos;
				SWIFT_OPTIMIZATION_LEVEL = "-Owholemodule";
				VALIDATE_PRODUCT = YES;
			};
			name = Release;
		};
		F4B6AA6C1FB4D4060058AC51 /* Debug */ = {
			isa = XCBuildConfiguration;
			buildSettings = {
				ASSETCATALOG_COMPILER_APPICON_NAME = AppIcon;
				CODE_SIGN_ENTITLEMENTS = IOSFinalProject/IOSFinalProject.entitlements;
				CODE_SIGN_STYLE = Automatic;
				DEVELOPMENT_TEAM = 4FNJNUQ3AD;
				INFOPLIST_FILE = IOSFinalProject/Info.plist;
				LD_RUNPATH_SEARCH_PATHS = "$(inherited) @executable_path/Frameworks";
				PRODUCT_BUNDLE_IDENTIFIER = edu.missouri.IOSFinalProject;
				PRODUCT_NAME = "$(TARGET_NAME)";
				SWIFT_VERSION = 4.0;
				TARGETED_DEVICE_FAMILY = "1,2";
			};
			name = Debug;
		};
		F4B6AA6D1FB4D4060058AC51 /* Release */ = {
			isa = XCBuildConfiguration;
			buildSettings = {
				ASSETCATALOG_COMPILER_APPICON_NAME = AppIcon;
				CODE_SIGN_ENTITLEMENTS = IOSFinalProject/IOSFinalProject.entitlements;
				CODE_SIGN_STYLE = Automatic;
				DEVELOPMENT_TEAM = 4FNJNUQ3AD;
				INFOPLIST_FILE = IOSFinalProject/Info.plist;
				LD_RUNPATH_SEARCH_PATHS = "$(inherited) @executable_path/Frameworks";
				PRODUCT_BUNDLE_IDENTIFIER = edu.missouri.IOSFinalProject;
				PRODUCT_NAME = "$(TARGET_NAME)";
				SWIFT_VERSION = 4.0;
				TARGETED_DEVICE_FAMILY = "1,2";
			};
			name = Release;
		};
/* End XCBuildConfiguration section */

/* Begin XCConfigurationList section */
		F4B6AA511FB4D4060058AC51 /* Build configuration list for PBXProject "IOSFinalProject" */ = {
			isa = XCConfigurationList;
			buildConfigurations = (
				F4B6AA691FB4D4060058AC51 /* Debug */,
				F4B6AA6A1FB4D4060058AC51 /* Release */,
			);
			defaultConfigurationIsVisible = 0;
			defaultConfigurationName = Release;
		};
		F4B6AA6B1FB4D4060058AC51 /* Build configuration list for PBXNativeTarget "IOSFinalProject" */ = {
			isa = XCConfigurationList;
			buildConfigurations = (
				F4B6AA6C1FB4D4060058AC51 /* Debug */,
				F4B6AA6D1FB4D4060058AC51 /* Release */,
			);
			defaultConfigurationIsVisible = 0;
			defaultConfigurationName = Release;
		};
/* End XCConfigurationList section */

/* Begin XCVersionGroup section */
		F4B6AA601FB4D4060058AC51 /* IOSFinalProject.xcdatamodeld */ = {
			isa = XCVersionGroup;
			children = (
				F4B6AA611FB4D4060058AC51 /* IOSFinalProject.xcdatamodel */,
			);
			currentVersion = F4B6AA611FB4D4060058AC51 /* IOSFinalProject.xcdatamodel */;
			path = IOSFinalProject.xcdatamodeld;
			sourceTree = "<group>";
			versionGroupType = wrapper.xcdatamodel;
		};
/* End XCVersionGroup section */
	};
	rootObject = F4B6AA4E1FB4D4060058AC51 /* Project object */;
}
